(setq el-get-lock-package-versions
      '((yatemplate :checksum "499e7f2ea245686c09915523657fa95905f70561")
        (emacs-flymake-cursor :checksum "5cac5045398b1436ceb143d48961b50d38ae1396")
        (zeal-at-point :checksum "ba25ee7b8378545e849be371f3ad4676d73b2e02")
        (yasnippet :checksum "80941c077f8248ee1e8dcc64b3b57e741b9e5755")
        (helm-gtags :checksum "68acd9a1b7e1197fd09971c54c0afc066155579e")
        (gtags :checksum "6b418af3eb47d396329ea0d10cd632653e8e4204")
        (emacs-emojify :checksum "cf4f7a4a141691cb269b78d8873513d28b039580")
        (tabbar-ruler :checksum "5854ef040a1c45e1ce7dfebea6ed7953ce6bd2b9")
        (color-theme-solarized :checksum "412713a0fcedd520d208a7b783fea03d710bcc61")
        (dockerfile-mode :checksum "cfa634ff1dd9b4414d7e42cd1d5de9b8b6fbd56d")
        (yaml-mode :checksum "a87ab367fe0015917a1940b5acd9a581b1631801")
        (sticky :checksum "210014946e389b65d3117bce90d54ce3c3253541")
        (flymake-ruby :checksum "8dc4ca44ec2acfaab25f5501fca1bd687fae94f2")
        (flymake-easy :checksum "de41ea49503f71f997e5c359a2ad08df696c0147")
        (go-autocomplete :checksum "85c63bdec7cd2dc6531cf2cb52d243a914ce6744")
        (go-mode :checksum "8baa8365245ce8212e058c7717dbbf8e9fdd90b1")
        (projectile :checksum "27b161bb53aaf027b44823f3941a1c86a0b80896")
        (pkg-info :checksum "4dbe328c9eced79e0004e3fdcd7bfb997a928be5")
        (epl :checksum "a5ad061d0a5eb42f66c384e55d102da7d52c96b0")
        (f :checksum "eb094d8017828c84cffcca4b2b76afb56aea99e9")
        (s :checksum "e59915ec6fc35983fa4a164ff2a3f73df135ca88")
        (highlight-indentation :checksum "cd6d8168ccb04c6c0394f42e9512c58f23c01689")
        (dash :checksum "19fbc24559415a71fafc96812322e7178d437157")
        (git-modes :checksum "1c8bb65cf0e2300a41c5968db30ba08baef62530")
        (exec-path-from-shell :checksum "54c1d4a0c6e3cbf66e1399298d4cf1bc575020be")
        (setup-cygwin :checksum "75bc2bd7fd152d2fe700793e72339f490822fb40")
        (helm :checksum "14d3828b336787f0e238e85851947a748b488082")
        (sequential-command :checksum "0c8f87b8357983aa300d6964b0d17c4ea5c93ea4")
        (twittering-mode :checksum "b04a3afd0a2efb6ac17ef84b343a80339be10a03")
        (popwin :checksum "25902ae8fb218e9d7ad29609027f9f04f39727aa")
        (direx :checksum "153f5331d35053fe84084d86b34c5cebf8f11ee6")
        (auto-complete :checksum "8978bd77257a3fe4a166cd335cc217f9fac521ea")
        (fuzzy :checksum "b430d88acae151af542df2449fb7551b621840a1")
        (popup :checksum "33dac625fa9010369c404b7adbaf5f82ef2d3f29")
        (zlc :checksum "224790312447a66782b0b4569597b4db0377b9ee")
        (migemo :checksum "53dc01ab31b26f7685bcbbe788ccbd29f8a799ab")
        (redo+ :checksum "6c91a142cbb9914140c959c79bf8bdba0a0894e2")
        (goto-chg :checksum "50e58f9e6bb0b8b8e3a24ed817ff78512a770448")
        (point-undo :checksum "b09bdcc64a0de08bae0838ef708c679dbc08f4c2")
        (recentf-ext :checksum "495bfe07e8a759f1e6dfbd45e62ae2f72404ff79")
        (tabbar :checksum "ad4c9c20cf9090a5ebf77a5150f2bf98bdb4bded")
        (howm :checksum "aa4187ff400fa2b072a226f78b323ccaecf34ae2")
        (markdown-mode :checksum "63a40729684db7abbcf9a19320ff1555eeb9c963")
        (ddskk :checksum "6cf29d9af3991c2668f5a3c719d6485fe293fc75")
        (init-loader :checksum "1f28a0b801cbb08aa9b47fd15ceab243a2bc064c")))
(setq el-get-lock-locked-packages 'nil)
(setq el-get-lock-unlocked-packages
      '(magit sequential-command-config key-chord color-theme))
