(setq el-get-lock-package-versions
      '((js2-mode :checksum "558f53f6b6749b09b03b858b0b1dfaeffbba4042")
        (projectile :checksum "56e262dd3b5998d0dc6a590d06bc11058839c588")
        (web-mode :checksum "2d05692634766cfa647d9441aaf7f8d95d2d5206")
        (highlight-indent-guides :checksum "087f719fda7d60c837146c81b1d9d0aab22ba88e")
        (highlight-indentation :checksum "731fe2058b68b2eee8c6bc99d914d30f3de233c5")
        (bm :checksum "dd5dc454c62ceae6432cef6639e08db6ea6a865f")
        (highlight-symbol :checksum "7a789c779648c55b16e43278e51be5898c121b3a")
        (historyf :checksum "66590519a02816cde8f442032fb144f3c38ebc6e")
        (goto-chg :checksum "50e58f9e6bb0b8b8e3a24ed817ff78512a770448")
        (point-undo :checksum "b09bdcc64a0de08bae0838ef708c679dbc08f4c2")
        (summarye :checksum "1570a71534f025c5dbef96ed72eb6f9422eca635")
        (inflections :checksum "9519c675e8a650f6afade7d870e925d0fb50f112")
        (projectile-rails :checksum "8c41f3c92cd7f5eb5a983f6f3d42cb67dff04366")
        (dash :checksum "958e3fb62fd326d3743c0603b80d24ab85712c03")
        (el-get :checksum "a6510f13c15d9811b51ccb1a96293bbe05162dbb")
        (emacs-flymake-cursor :checksum "ecc539082c3fc9e91bba33d72c26989217411593")
        (el-get-lock :checksum "df8cfe55441695865a64b97946750b6413a40425")
        (dockerfile-mode :checksum "bebfa1b73e7e006d574a0e4fbae225dc1db214ff")
        (direx :checksum "9497231cf50767987494718db073731b05a4f970")
        (dash-at-point :checksum "ed872b4fcbe02ef1a5bac0337afe19a7a747f34c")
        (color-theme-solarized :checksum "797229d0d3c9a2233fd8c69c0c2d9948be1d0685")
        (auto-complete :checksum "297e2f77a35dba222c24dd2e3eb0a5d8d0d1ee09")
        (color-theme :checksum "047d6cb207fdef66b25343479ebe09a1ed3954b5")
        (emacs-async :checksum "54977d6c596a295f7519a0da36407c3a3e055b36")
        (expand-region :checksum "6dd45d90a59178191e71c10c438f89b495a6c4aa")))
(setq el-get-lock-locked-packages 'nil)
(setq el-get-lock-unlocked-packages 'nil)
